
Microsoft Visual Studio Solution File, Format Version 12.00
# Visual Studio Version 17
VisualStudioVersion = 17.0.31903.59
MinimumVisualStudioVersion = 10.0.40219.1
Project("{FAE04EC0-301F-11D3-BF4B-00C04F79EFBC}") = "Masala_1", "Masala_1\Masala_1.csproj", "{0012DDB0-558B-4237-ADCF-4AB29B238BD3}"
EndProject
Project("{FAE04EC0-301F-11D3-BF4B-00C04F79EFBC}") = "Masala_2", "Masala_2\Masala_2.csproj", "{03D24782-58D9-4BAE-9947-DF097F1CE46A}"
EndProject
Global
	GlobalSection(SolutionConfigurationPlatforms) = preSolution
		Debug|Any CPU = Debug|Any CPU
		Release|Any CPU = Release|Any CPU
	EndGlobalSection
	GlobalSection(ProjectConfigurationPlatforms) = postSolution
		{0012DDB0-558B-4237-ADCF-4AB29B238BD3}.Debug|Any CPU.ActiveCfg = Debug|Any CPU
		{0012DDB0-558B-4237-ADCF-4AB29B238BD3}.Debug|Any CPU.Build.0 = Debug|Any CPU
		{0012DDB0-558B-4237-ADCF-4AB29B238BD3}.Release|Any CPU.ActiveCfg = Release|Any CPU
		{0012DDB0-558B-4237-ADCF-4AB29B238BD3}.Release|Any CPU.Build.0 = Release|Any CPU
		{03D24782-58D9-4BAE-9947-DF097F1CE46A}.Debug|Any CPU.ActiveCfg = Debug|Any CPU
		{03D24782-58D9-4BAE-9947-DF097F1CE46A}.Debug|Any CPU.Build.0 = Debug|Any CPU
		{03D24782-58D9-4BAE-9947-DF097F1CE46A}.Release|Any CPU.ActiveCfg = Release|Any CPU
		{03D24782-58D9-4BAE-9947-DF097F1CE46A}.Release|Any CPU.Build.0 = Release|Any CPU
	EndGlobalSection
	GlobalSection(SolutionProperties) = preSolution
		HideSolutionNode = FALSE
	EndGlobalSection
	GlobalSection(ExtensibilityGlobals) = postSolution
		SolutionGuid = {F3B38894-D21D-4FFB-B4C2-A731CE9E4FBA}
	EndGlobalSection
EndGlobal
